// !$*UTF8*$!
{
	archiveVersion = 1;
	classes = {
	};
	objectVersion = 56;
	objects = {
/* Begin PBXBuildFile section */
		F1A2B3C4D5E6F7A8B9C0D1E2 /* DevModeEnablerApp.swift in Sources */ = {isa = PBXBuildFile; fileRef = F1A2B3C4D5E6F7A8B9C0D1E3 /* DevModeEnablerApp.swift */; };
		F1A2B3C4D5E6F7A8B9C0D1E4 /* ContentView.swift in Sources */ = {isa = PBXBuildFile; fileRef = F1A2B3C4D5E6F7A8B9C0D1E5 /* ContentView.swift */; };
		F1A2B3C4D5E6F7A8B9C0D1E6 /* devmode_helper.c in Sources */ = {isa = PBXBuildFile; fileRef = F1A2B3C4D5E6F7A8B9C0D1E7 /* devmode_helper.c */; };
/* End PBXBuildFile section */

/* Begin PBXFileReference section */
		F1A2B3C4D5E6F7A8B9C0D1E3 /* DevModeEnablerApp.swift */ = {isa = PBXFileReference; lastKnownFileType = sourcecode.swift; path = DevModeEnablerApp.swift; sourceTree = "<group>"; };
		F1A2B3C4D5E6F7A8B9C0D1E5 /* ContentView.swift */ = {isa = PBXFileReference; lastKnownFileType = sourcecode.swift; path = ContentView.swift; sourceTree = "<group>"; };
		F1A2B3C4D5E6F7A8B9C0D1E7 /* devmode_helper.c */ = {isa = PBXFileReference; lastKnownFileType = sourcecode.c.c; path = devmode_helper.c; sourceTree = "<group>"; };
		F1A2B3C4D5E6F7A8B9C0D1E8 /* devmode_helper.h */ = {isa = PBXFileReference; lastKnownFileType = sourcecode.c.h; path = devmode_helper.h; sourceTree = "<group>"; };
		F1A2B3C4D5E6F7A8B9C0D1E9 /* Info.plist */ = {isa = PBXFileReference; lastKnownFileType = text.plist.xml; path = Info.plist; sourceTree = "<group>"; };
/* End PBXFileReference section */

/* Begin PBXGroup section */
		F1A2B3C4D5E6F7A8B9C0D1EA /* DevModeEnabler */ = {
			isa = PBXGroup;
			children = (
				F1A2B3C4D5E6F7A8B9C0D1E3 /* DevModeEnablerApp.swift */,
				F1A2B3C4D5E6F7A8B9C0D1E5 /* ContentView.swift */,
				F1A2B3C4D5E6F7A8B9C0D1E7 /* devmode_helper.c */,
				F1A2B3C4D5E6F7A8B9C0D1E8 /* devmode_helper.h */,
				F1A2B3C4D5E6F7A8B9C0D1E9 /* Info.plist */,
			);
			path = DevModeEnabler;
			sourceTree = "<group>";
		};
/* End PBXGroup section */

/* Begin PBXProject section */
		F1A2B3C4D5E6F7A8B9C0D1EB /* Project object */ = {
			isa = PBXProject;
			attributes = {
				LastSwiftUpdateCheck = 1500;
				LastUpgradeCheck = 1500;
				TargetAttributes = {
					F1A2B3C4D5E6F7A8B9C0D1EC = {
						CreatedOnToolsVersion = 15.0;
					};
				};
			};
			buildConfigurationList = F1A2B3C4D5E6F7A8B9C0D1ED /* Build configuration list for PBXProject "DevModeEnabler" */;
			compatibilityVersion = "Xcode 14.0";
			developmentRegion = en;
			hasScannedForEncodings = 0;
			knownRegions = (
				en,
				Base,
			);
			mainGroup = F1A2B3C4D5E6F7A8B9C0D1EE /* Main group */;
			productRefGroup = F1A2B3C4D5E6F7A8B9C0D1EF /* Products */;
			projectDirPath = "";
			projectRoot = "";
			targets = (
				F1A2B3C4D5E6F7A8B9C0D1EC /* DevModeEnabler */,
			);
		};
/* End PBXProject section */

/* Begin PBXSourcesBuildPhase section */
		F1A2B3C4D5E6F7A8B9C0D1F0 /* Sources */ = {
			isa = PBXSourcesBuildPhase;
			buildActionMask = 2147483647;
			files = (
				F1A2B3C4D5E6F7A8B9C0D1E2 /* DevModeEnablerApp.swift in Sources */,
				F1A2B3C4D5E6F7A8B9C0D1E4 /* ContentView.swift in Sources */,
				F1A2B3C4D5E6F7A8B9C0D1E6 /* devmode_helper.c in Sources */,
			);
			runOnlyForDeploymentPostprocessing = 0;
		};
/* End PBXSourcesBuildPhase section */

/* Begin XCBuildConfiguration section */
		F1A2B3C4D5E6F7A8B9C0D1F1 /* Debug */ = {
			isa = XCBuildConfiguration;
			buildSettings = {
				ALWAYS_SEARCH_USER_PATHS = NO;
				CLANG_ANALYZER_NONNULL = YES;
				CLANG_ANALYZER_NUMBER_OBJECT_CONVERSION = YES_AGGRESSIVE;
				CLANG_CXX_LANGUAGE_STANDARD = "gnu++20";
				CLANG_ENABLE_MODULES = YES;
				CLANG_ENABLE_OBJC_ARC = YES;
				CLANG_WARN_BLOCK_CAPTURE_AUTORELEASING = YES;
				CLANG_WARN_BOOL_CONVERSION = YES;
				CLANG_WARN_COMMA = YES;
				CLANG_WARN_CONSTANT_CONVERSION = YES;
				CLANG_WARN_DEPRECATED_OBJC_IMPLEMENTATIONS = YES;
				CLANG_WARN_DIRECT_OBJC_ISA_USAGE = YES_ERROR;
				CLANG_WARN_DOCUMENTATION_COMMENTS = YES;
				CLANG_WARN_EMPTY_BODY = YES;
				CLANG_WARN_ENUM_CONVERSION = YES;
				CLANG_WARN_INFINITE_RECURSION = YES;
				CLANG_WARN_INT_CONVERSION = YES;
				CLANG_WARN_NON_LITERAL_NULL_CONVERSION = YES;
				CLANG_WARN_OBJC_IMPLICIT_RETAIN_SELF = YES;
				CLANG_WARN_OBJC_LITERAL_CONVERSION = YES;
				CLANG_WARN_OBJC_ROOT_CLASS = YES_ERROR;
				CLANG_WARN_RANGE_LOOP_ANALYSIS = YES;
				CLANG_WARN_STRICT_PROTOTYPES = YES;
				CLANG_WARN_SUSPICIOUS_MOVE = YES;
				CLANG_WARN_UNREACHABLE_CODE = YES;
				CLANG_WARN__DUPLICATE_METHOD_MATCH = YES;
				COPY_PHASE_STRIP = NO;
				ENABLE_STRICT_OBJC_MSGSEND = YES;
				GCC_C_LANGUAGE_STANDARD = gnu17;
				GCC_NO_COMMON_BLOCKS = YES;
				GCC_WARN_64_TO_32_BIT_CONVERSION = YES;
				GCC_WARN_ABOUT_RETURN_TYPE = YES_ERROR;
				GCC_WARN_UNDECLARED_SELECTOR = YES;
				GCC_WARN_UNINITIALIZED_AUTOS = YES_AGGRESSIVE;
				GCC_WARN_UNUSED_FUNCTION = YES;
				GCC_WARN_UNUSED_VARIABLE = YES;
				IPHONEOS_DEPLOYMENT_TARGET = 14.0;
				LD_RUNPATH_SEARCH_PATHS = (
					"$(inherited)",
					"@executable_path/Frameworks",
				);
				MTL_ENABLE_DEBUG_INFO = INCLUDE_SOURCE;
				ONLY_ACTIVE_ARCH = YES;
				SDKROOT = iphoneos;
				SWIFT_ACTIVE_COMPILATION_CONDITIONS = "DEBUG $(inherited)";
				SWIFT_OPTIMIZATION_LEVEL = "-Onone";
				SWIFT_VERSION = 5.0;
				TARGETED_DEVICE_FAMILY = "1,2";
				CODE_SIGNING_ALLOWED = NO;
			};
			name = Debug;
		};
		F1A2B3C4D5E6F7A8B9C0D1F2 /* Release */ = {
			isa = XCBuildConfiguration;
			buildSettings = {
				ALWAYS_SEARCH_USER_PATHS = NO;
				CLANG_ANALYZER_NONNULL = YES;
				CLANG_ANALYZER_NUMBER_OBJECT_CONVERSION = YES_AGGRESSIVE;
				CLANG_CXX_LANGUAGE_STANDARD = "gnu++20";
				CLANG_ENABLE_MODULES = YES;
				CLANG_ENABLE_OBJC_ARC = YES;
				CLANG_WARN_BLOCK_CAPTURE_AUTORELEASING = YES;
				CLANG_WARN_BOOL_CONVERSION = YES;
				CLANG_WARN_COMMA = YES;
				CLANG_WARN_CONSTANT_CONVERSION = YES;
				CLANG_WARN_DEPRECATED_OBJC_IMPLEMENTATIONS = YES;
				CLANG_WARN_DIRECT_OBJC_ISA_USAGE = YES_ERROR;
				CLANG_WARN_DOCUMENTATION_COMMENTS = YES;
				CLANG_WARN_EMPTY_BODY = YES;
				CLANG_WARN_ENUM_CONVERSION = YES;
				CLANG_WARN_INFINITE_RECURSION = YES;
				CLANG_WARN_INT_CONVERSION = YES;
				CLANG_WARN_NON_LITERAL_NULL_CONVERSION = YES;
				CLANG_WARN_OBJC_IMPLICIT_RETAIN_SELF = YES;
				CLANG_WARN_OBJC_LITERAL_CONVERSION = YES;
				CLANG_WARN_OBJC_ROOT_CLASS = YES_ERROR;
				CLANG_WARN_RANGE_LOOP_ANALYSIS = YES;
				CLANG_WARN_STRICT_PROTOTYPES = YES;
				CLANG_WARN_SUSPICIOUS_MOVE = YES;
				CLANG_WARN_UNREACHABLE_CODE = YES;
				CLANG_WARN__DUPLICATE_METHOD_MATCH = YES;
				COPY_PHASE_STRIP = NO;
				ENABLE_NS_ASSERTIONS = NO;
				ENABLE_STRICT_OBJC_MSGSEND = YES;
				GCC_C_LANGUAGE_STANDARD = gnu17;
				GCC_NO_COMMON_BLOCKS = YES;
				GCC_WARN_64_TO_32_BIT_CONVERSION = YES;
				GCC_WARN_ABOUT_RETURN_TYPE = YES_ERROR;
				GCC_WARN_UNDECLARED_SELECTOR = YES;
				GCC_WARN_UNINITIALIZED_AUTOS = YES_AGGRESSIVE;
				GCC_WARN_UNUSED_FUNCTION = YES;
				GCC_WARN_UNUSED_VARIABLE = YES;
				IPHONEOS_DEPLOYMENT_TARGET = 14.0;
				LD_RUNPATH_SEARCH_PATHS = (
					"$(inherited)",
					"@executable_path/Frameworks",
				);
				MTL_ENABLE_DEBUG_INFO = NO;
				SDKROOT = iphoneos;
				SWIFT_COMPILATION_MODE = wholemodule;
				SWIFT_OPTIMIZATION_LEVEL = "-O";
				SWIFT_VERSION = 5.0;
				TARGETED_DEVICE_FAMILY = "1,2";
				VALIDATE_PRODUCT = YES;
				CODE_SIGNING_ALLOWED = NO;
			};
			name = Release;
		};
/* End XCBuildConfiguration section */

/* Begin XCConfigurationList section */
		F1A2B3C4D5E6F7A8B9C0D1ED /* Build configuration list for PBXProject "DevModeEnabler" */ = {
			isa = XCConfigurationList;
			buildConfigurations = (
				F1A2B3C4D5E6F7A8B9C0D1F1 /* Debug */,
				F1A2B3C4D5E6F7A8B9C0D1F2 /* Release */,
			);
			defaultConfigurationIsVisible = 0;
			defaultConfigurationName = Release;
		};
/* End XCConfigurationList section */
	};
	rootObject = F1A2B3C4D5E6F7A8B9C0D1EB /* Project object */;
}
